# This file is autogenerated, do not edit; changes may be undone by the next 'dep ensure'.


[[projects]]
  branch = "master"
  name = "github.com/hashicorp/errwrap"
  packages = ["."]
  revision = "7554cd9344cec97297fa6649b055a8c98c2a1e55"

[[projects]]
  branch = "master"
  name = "github.com/hashicorp/go-checkpoint"
  packages = ["."]
  revision = "1545e56e46dec3bba264e41fde2c1e2aa65b5dd4"

[[projects]]
  branch = "master"
  name = "github.com/hashicorp/go-cleanhttp"
  packages = ["."]
  revision = "3573b8b52aa7b37b9358d966a898feb387f62437"

[[projects]]
  branch = "master"
  name = "github.com/hashicorp/go-multierror"
  packages = ["."]
  revision = "83588e72410abfbe4df460eeb6f30841ae47d4c4"

[[projects]]
  branch = "master"
  name = "github.com/hashicorp/go-uuid"
  packages = ["."]
  revision = "64130c7a86d732268a38cb04cfbaf0cc987fda98"

[[projects]]
  branch = "master"
  name = "github.com/hashicorp/go-version"
  packages = ["."]
  revision = "fc61389e27c71d120f87031ca8c88a3428f372dd"

[[projects]]
  name = "github.com/hashicorp/packer"
  packages = ["common","common/uuid","helper/config","packer","packer/plugin","packer/rpc","provisioner","template","template/interpolate","version"]
  revision = "b58e6c31d96cea0308ad894799244d8f016475ed"
  version = "v1.1.1"

[[projects]]
  branch = "master"
  name = "github.com/hashicorp/yamux"
  packages = ["."]
  revision = "f5742cb6b85602e7fa834e9d5d91a7d7fa850824"

[[projects]]
  branch = "master"
  name = "github.com/mitchellh/go-fs"
  packages = [".","fat"]
  revision = "7bae45d9a684750e82b97ff320c82556614e621b"

[[projects]]
  branch = "master"
  name = "github.com/mitchellh/iochan"
  packages = ["."]
  revision = "87b45ffd0e9581375c491fef3d32130bb15c5bd7"

[[projects]]
  branch = "master"
  name = "github.com/mitchellh/mapstructure"
  packages = ["."]
  revision = "06020f85339e21b2478f756a78e295255ffa4d6a"

[[projects]]
  branch = "master"
  name = "github.com/mitchellh/multistep"
  packages = ["."]
  revision = "391576a156a54cfbb4cf5d5eda40cf6ffa3e3a4d"

[[projects]]
  branch = "master"
  name = "github.com/mitchellh/reflectwalk"
  packages = ["."]
  revision = "63d60e9d0dbc60cf9164e6510889b0db6683d98c"

[[projects]]
  branch = "master"
  name = "github.com/ugorji/go"
  packages = ["codec"]
  revision = "d03304bb1d83c196fd3017dca37e89a4504b3676"

[solve-meta]
  analyzer-name = "dep"
  analyzer-version = 1
  inputs-digest = "0e6be4c619195ade12e733d94bf97b68288663686ed2e66c8ba407ac7356be49"
  solver-name = "gps-cdcl"
  solver-version = 1
